
Microsoft Visual Studio Solution File, Format Version 12.00
# Visual Studio Version 17
VisualStudioVersion = 17.4.33103.184
MinimumVisualStudioVersion = 10.0.40219.1
Project("{FAE04EC0-301F-11D3-BF4B-00C04F79EFBC}") = "MagicVilla_VillaAPI", "MagicVilla_VillaAPI\MagicVilla_VillaAPI.csproj", "{1A2693E4-7AC0-465F-8E12-220F4D6FAEF6}"
EndProject
Project("{FAE04EC0-301F-11D3-BF4B-00C04F79EFBC}") = "MagivVilla_Web", "MagivVilla_Web\MagivVilla_Web.csproj", "{BDAB4E1B-B0EB-44EB-B177-79B67FD9F9E7}"
EndProject
Project("{FAE04EC0-301F-11D3-BF4B-00C04F79EFBC}") = "MagicVilla_Utility", "MagicVilla_Utility\MagicVilla_Utility.csproj", "{C9AC8E47-7726-4644-90A1-52BEDA7D765F}"
EndProject
Global
	GlobalSection(SolutionConfigurationPlatforms) = preSolution
		Debug|Any CPU = Debug|Any CPU
		Release|Any CPU = Release|Any CPU
	EndGlobalSection
	GlobalSection(ProjectConfigurationPlatforms) = postSolution
		{1A2693E4-7AC0-465F-8E12-220F4D6FAEF6}.Debug|Any CPU.ActiveCfg = Debug|Any CPU
		{1A2693E4-7AC0-465F-8E12-220F4D6FAEF6}.Debug|Any CPU.Build.0 = Debug|Any CPU
		{1A2693E4-7AC0-465F-8E12-220F4D6FAEF6}.Release|Any CPU.ActiveCfg = Release|Any CPU
		{1A2693E4-7AC0-465F-8E12-220F4D6FAEF6}.Release|Any CPU.Build.0 = Release|Any CPU
		{BDAB4E1B-B0EB-44EB-B177-79B67FD9F9E7}.Debug|Any CPU.ActiveCfg = Debug|Any CPU
		{BDAB4E1B-B0EB-44EB-B177-79B67FD9F9E7}.Debug|Any CPU.Build.0 = Debug|Any CPU
		{BDAB4E1B-B0EB-44EB-B177-79B67FD9F9E7}.Release|Any CPU.ActiveCfg = Release|Any CPU
		{BDAB4E1B-B0EB-44EB-B177-79B67FD9F9E7}.Release|Any CPU.Build.0 = Release|Any CPU
		{C9AC8E47-7726-4644-90A1-52BEDA7D765F}.Debug|Any CPU.ActiveCfg = Debug|Any CPU
		{C9AC8E47-7726-4644-90A1-52BEDA7D765F}.Debug|Any CPU.Build.0 = Debug|Any CPU
		{C9AC8E47-7726-4644-90A1-52BEDA7D765F}.Release|Any CPU.ActiveCfg = Release|Any CPU
		{C9AC8E47-7726-4644-90A1-52BEDA7D765F}.Release|Any CPU.Build.0 = Release|Any CPU
	EndGlobalSection
	GlobalSection(SolutionProperties) = preSolution
		HideSolutionNode = FALSE
	EndGlobalSection
	GlobalSection(ExtensibilityGlobals) = postSolution
		SolutionGuid = {8647056D-6097-47B6-ADBB-95B0648D11CE}
	EndGlobalSection
EndGlobal
